
Microsoft Visual Studio Solution File, Format Version 12.00
# Visual Studio 15
Project("{FAE04EC0-301F-11D3-BF4B-00C04F79EFBC}") = "mvvmcrossforms.iOS", "mvvmcrossforms.iOS\mvvmcrossforms.iOS.csproj", "{D5D2FA4F-EF3E-43D5-A11A-0AF7256F6E9C}"
EndProject
Project("{FAE04EC0-301F-11D3-BF4B-00C04F79EFBC}") = "mvvmcrossforms.Core", "mvvmcrossforms.Core\mvvmcrossforms.Core.csproj", "{CBBCA6DC-4B56-48FB-8AD2-522484D4FDF3}"
EndProject
Project("{FAE04EC0-301F-11D3-BF4B-00C04F79EFBC}") = "mvvmcrossforms.Forms.UI", "mvvmcrossforms.Forms.UI\mvvmcrossforms.Forms.UI.csproj", "{4D2F0570-B8C3-49F3-BF71-38DFE72A7552}"
EndProject
Project("{FAE04EC0-301F-11D3-BF4B-00C04F79EFBC}") = "mvvmcrossforms.Driod", "mvvmcrossforms.Driod\mvvmcrossforms.Driod.csproj", "{D70D7981-14E2-4DF4-ADA5-5111A3FB5F40}"
EndProject
Global
	GlobalSection(SolutionConfigurationPlatforms) = preSolution
		Debug|Any CPU = Debug|Any CPU
		Release|Any CPU = Release|Any CPU
		Debug|iPhoneSimulator = Debug|iPhoneSimulator
		Release|iPhoneSimulator = Release|iPhoneSimulator
		Debug|iPhone = Debug|iPhone
		Release|iPhone = Release|iPhone
	EndGlobalSection
	GlobalSection(ProjectConfigurationPlatforms) = postSolution
		{D5D2FA4F-EF3E-43D5-A11A-0AF7256F6E9C}.Debug|Any CPU.ActiveCfg = Debug|iPhoneSimulator
		{D5D2FA4F-EF3E-43D5-A11A-0AF7256F6E9C}.Debug|Any CPU.Build.0 = Debug|iPhoneSimulator
		{D5D2FA4F-EF3E-43D5-A11A-0AF7256F6E9C}.Release|Any CPU.ActiveCfg = Release|iPhoneSimulator
		{D5D2FA4F-EF3E-43D5-A11A-0AF7256F6E9C}.Release|Any CPU.Build.0 = Release|iPhoneSimulator
		{D5D2FA4F-EF3E-43D5-A11A-0AF7256F6E9C}.Debug|iPhoneSimulator.ActiveCfg = Debug|iPhoneSimulator
		{D5D2FA4F-EF3E-43D5-A11A-0AF7256F6E9C}.Debug|iPhoneSimulator.Build.0 = Debug|iPhoneSimulator
		{D5D2FA4F-EF3E-43D5-A11A-0AF7256F6E9C}.Release|iPhoneSimulator.ActiveCfg = Release|iPhoneSimulator
		{D5D2FA4F-EF3E-43D5-A11A-0AF7256F6E9C}.Release|iPhoneSimulator.Build.0 = Release|iPhoneSimulator
		{D5D2FA4F-EF3E-43D5-A11A-0AF7256F6E9C}.Debug|iPhone.ActiveCfg = Debug|iPhone
		{D5D2FA4F-EF3E-43D5-A11A-0AF7256F6E9C}.Debug|iPhone.Build.0 = Debug|iPhone
		{D5D2FA4F-EF3E-43D5-A11A-0AF7256F6E9C}.Release|iPhone.ActiveCfg = Release|iPhone
		{D5D2FA4F-EF3E-43D5-A11A-0AF7256F6E9C}.Release|iPhone.Build.0 = Release|iPhone
		{CBBCA6DC-4B56-48FB-8AD2-522484D4FDF3}.Debug|Any CPU.ActiveCfg = Debug|Any CPU
		{CBBCA6DC-4B56-48FB-8AD2-522484D4FDF3}.Debug|Any CPU.Build.0 = Debug|Any CPU
		{CBBCA6DC-4B56-48FB-8AD2-522484D4FDF3}.Release|Any CPU.ActiveCfg = Release|Any CPU
		{CBBCA6DC-4B56-48FB-8AD2-522484D4FDF3}.Release|Any CPU.Build.0 = Release|Any CPU
		{CBBCA6DC-4B56-48FB-8AD2-522484D4FDF3}.Debug|iPhoneSimulator.ActiveCfg = Debug|Any CPU
		{CBBCA6DC-4B56-48FB-8AD2-522484D4FDF3}.Debug|iPhoneSimulator.Build.0 = Debug|Any CPU
		{CBBCA6DC-4B56-48FB-8AD2-522484D4FDF3}.Release|iPhoneSimulator.ActiveCfg = Release|Any CPU
		{CBBCA6DC-4B56-48FB-8AD2-522484D4FDF3}.Release|iPhoneSimulator.Build.0 = Release|Any CPU
		{CBBCA6DC-4B56-48FB-8AD2-522484D4FDF3}.Debug|iPhone.ActiveCfg = Debug|Any CPU
		{CBBCA6DC-4B56-48FB-8AD2-522484D4FDF3}.Debug|iPhone.Build.0 = Debug|Any CPU
		{CBBCA6DC-4B56-48FB-8AD2-522484D4FDF3}.Release|iPhone.ActiveCfg = Release|Any CPU
		{CBBCA6DC-4B56-48FB-8AD2-522484D4FDF3}.Release|iPhone.Build.0 = Release|Any CPU
		{4D2F0570-B8C3-49F3-BF71-38DFE72A7552}.Debug|Any CPU.ActiveCfg = Debug|Any CPU
		{4D2F0570-B8C3-49F3-BF71-38DFE72A7552}.Debug|Any CPU.Build.0 = Debug|Any CPU
		{4D2F0570-B8C3-49F3-BF71-38DFE72A7552}.Release|Any CPU.ActiveCfg = Release|Any CPU
		{4D2F0570-B8C3-49F3-BF71-38DFE72A7552}.Release|Any CPU.Build.0 = Release|Any CPU
		{4D2F0570-B8C3-49F3-BF71-38DFE72A7552}.Debug|iPhoneSimulator.ActiveCfg = Debug|Any CPU
		{4D2F0570-B8C3-49F3-BF71-38DFE72A7552}.Debug|iPhoneSimulator.Build.0 = Debug|Any CPU
		{4D2F0570-B8C3-49F3-BF71-38DFE72A7552}.Release|iPhoneSimulator.ActiveCfg = Release|Any CPU
		{4D2F0570-B8C3-49F3-BF71-38DFE72A7552}.Release|iPhoneSimulator.Build.0 = Release|Any CPU
		{4D2F0570-B8C3-49F3-BF71-38DFE72A7552}.Debug|iPhone.ActiveCfg = Debug|Any CPU
		{4D2F0570-B8C3-49F3-BF71-38DFE72A7552}.Debug|iPhone.Build.0 = Debug|Any CPU
		{4D2F0570-B8C3-49F3-BF71-38DFE72A7552}.Release|iPhone.ActiveCfg = Release|Any CPU
		{4D2F0570-B8C3-49F3-BF71-38DFE72A7552}.Release|iPhone.Build.0 = Release|Any CPU
		{D70D7981-14E2-4DF4-ADA5-5111A3FB5F40}.Debug|Any CPU.ActiveCfg = Debug|Any CPU
		{D70D7981-14E2-4DF4-ADA5-5111A3FB5F40}.Debug|Any CPU.Build.0 = Debug|Any CPU
		{D70D7981-14E2-4DF4-ADA5-5111A3FB5F40}.Release|Any CPU.ActiveCfg = Release|Any CPU
		{D70D7981-14E2-4DF4-ADA5-5111A3FB5F40}.Release|Any CPU.Build.0 = Release|Any CPU
		{D70D7981-14E2-4DF4-ADA5-5111A3FB5F40}.Debug|iPhoneSimulator.ActiveCfg = Debug|Any CPU
		{D70D7981-14E2-4DF4-ADA5-5111A3FB5F40}.Debug|iPhoneSimulator.Build.0 = Debug|Any CPU
		{D70D7981-14E2-4DF4-ADA5-5111A3FB5F40}.Release|iPhoneSimulator.ActiveCfg = Release|Any CPU
		{D70D7981-14E2-4DF4-ADA5-5111A3FB5F40}.Release|iPhoneSimulator.Build.0 = Release|Any CPU
		{D70D7981-14E2-4DF4-ADA5-5111A3FB5F40}.Debug|iPhone.ActiveCfg = Debug|Any CPU
		{D70D7981-14E2-4DF4-ADA5-5111A3FB5F40}.Debug|iPhone.Build.0 = Debug|Any CPU
		{D70D7981-14E2-4DF4-ADA5-5111A3FB5F40}.Release|iPhone.ActiveCfg = Release|Any CPU
		{D70D7981-14E2-4DF4-ADA5-5111A3FB5F40}.Release|iPhone.Build.0 = Release|Any CPU
	EndGlobalSection
EndGlobal
